
Microsoft Visual Studio Solution File, Format Version 12.00
# Visual Studio Version 16
VisualStudioVersion = 16.0.31129.286
MinimumVisualStudioVersion = 10.0.40219.1
Project("{FAE04EC0-301F-11D3-BF4B-00C04F79EFBC}") = "Shorty", "Shorty\Shorty.csproj", "{3D7BF2A7-69CC-47AF-BEF8-65341F8F9888}"
EndProject
Global
	GlobalSection(SolutionConfigurationPlatforms) = preSolution
		Debug|Any CPU = Debug|Any CPU
		Release|Any CPU = Release|Any CPU
	EndGlobalSection
	GlobalSection(ProjectConfigurationPlatforms) = postSolution
		{3D7BF2A7-69CC-47AF-BEF8-65341F8F9888}.Debug|Any CPU.ActiveCfg = Debug|Any CPU
		{3D7BF2A7-69CC-47AF-BEF8-65341F8F9888}.Debug|Any CPU.Build.0 = Debug|Any CPU
		{3D7BF2A7-69CC-47AF-BEF8-65341F8F9888}.Release|Any CPU.ActiveCfg = Release|Any CPU
		{3D7BF2A7-69CC-47AF-BEF8-65341F8F9888}.Release|Any CPU.Build.0 = Release|Any CPU
	EndGlobalSection
	GlobalSection(SolutionProperties) = preSolution
		HideSolutionNode = FALSE
	EndGlobalSection
	GlobalSection(ExtensibilityGlobals) = postSolution
		SolutionGuid = {A051DFB0-28A5-4D4C-BC15-A0B7078A09F5}
	EndGlobalSection
EndGlobal
